{
  "name": "grpc-tools",
  "version": "1.0.0",
  "lockfileVersion": 1,
  "requires": true,
  "dependencies": {
    "swagger-ui-dist": {
      "version": "3.23.1",
      "resolved": "https://registry.npmjs.org/swagger-ui-dist/-/swagger-ui-dist-3.23.1.tgz",
      "integrity": "sha512-chMAB3JY3tJGLtswyBJGWa5L0nghbImUtFpy2CupswVVC1UsSmVwOI69oOQ1sCxEzQfC2DCu0jUD/x5SjNs+zw==",
      "dev": true
    }
  }
}
